// !$*UTF8*$!
{
	archiveVersion = 1;
	classes = {
	};
	objectVersion = 48;
	objects = {

/* Begin PBXBuildFile section */
		100546001FB3FD5400100A34 /* AppDelegate.m in Sources */ = {isa = PBXBuildFile; fileRef = 100545FF1FB3FD5400100A34 /* AppDelegate.m */; };
		100546031FB3FD5400100A34 /* ViewController.m in Sources */ = {isa = PBXBuildFile; fileRef = 100546021FB3FD5400100A34 /* ViewController.m */; };
		100546061FB3FD5400100A34 /* Main.storyboard in Resources */ = {isa = PBXBuildFile; fileRef = 100546041FB3FD5400100A34 /* Main.storyboard */; };
		100546081FB3FD5400100A34 /* Assets.xcassets in Resources */ = {isa = PBXBuildFile; fileRef = 100546071FB3FD5400100A34 /* Assets.xcassets */; };
		1005460B1FB3FD5400100A34 /* LaunchScreen.storyboard in Resources */ = {isa = PBXBuildFile; fileRef = 100546091FB3FD5400100A34 /* LaunchScreen.storyboard */; };
		1005460E1FB3FD5400100A34 /* main.m in Sources */ = {isa = PBXBuildFile; fileRef = 1005460D1FB3FD5400100A34 /* main.m */; };
		100AE0A61FBBDB3A00B2EB21 /* NewTabVC.m in Sources */ = {isa = PBXBuildFile; fileRef = 100AE0A51FBBDB3A00B2EB21 /* NewTabVC.m */; };
		100AE0A91FBBE14E00B2EB21 /* WKViewController.m in Sources */ = {isa = PBXBuildFile; fileRef = 100AE0A81FBBE14E00B2EB21 /* WKViewController.m */; };
		100AE0AC1FBBE9F800B2EB21 /* JSCoreViewController.m in Sources */ = {isa = PBXBuildFile; fileRef = 100AE0AB1FBBE9F800B2EB21 /* JSCoreViewController.m */; };
		100AE0AF1FBBEA3400B2EB21 /* JavaScriptCore.framework in Frameworks */ = {isa = PBXBuildFile; fileRef = 100AE0AE1FBBEA2600B2EB21 /* JavaScriptCore.framework */; };
/* End PBXBuildFile section */

/* Begin PBXFileReference section */
		100545FB1FB3FD5400100A34 /* test.app */ = {isa = PBXFileReference; explicitFileType = wrapper.application; includeInIndex = 0; path = test.app; sourceTree = BUILT_PRODUCTS_DIR; };
		100545FE1FB3FD5400100A34 /* AppDelegate.h */ = {isa = PBXFileReference; lastKnownFileType = sourcecode.c.h; path = AppDelegate.h; sourceTree = "<group>"; };
		100545FF1FB3FD5400100A34 /* AppDelegate.m */ = {isa = PBXFileReference; lastKnownFileType = sourcecode.c.objc; path = AppDelegate.m; sourceTree = "<group>"; };
		100546011FB3FD5400100A34 /* ViewController.h */ = {isa = PBXFileReference; lastKnownFileType = sourcecode.c.h; path = ViewController.h; sourceTree = "<group>"; };
		100546021FB3FD5400100A34 /* ViewController.m */ = {isa = PBXFileReference; lastKnownFileType = sourcecode.c.objc; path = ViewController.m; sourceTree = "<group>"; };
		100546051FB3FD5400100A34 /* Base */ = {isa = PBXFileReference; lastKnownFileType = file.storyboard; name = Base; path = Base.lproj/Main.storyboard; sourceTree = "<group>"; };
		100546071FB3FD5400100A34 /* Assets.xcassets */ = {isa = PBXFileReference; lastKnownFileType = folder.assetcatalog; path = Assets.xcassets; sourceTree = "<group>"; };
		1005460A1FB3FD5400100A34 /* Base */ = {isa = PBXFileReference; lastKnownFileType = file.storyboard; name = Base; path = Base.lproj/LaunchScreen.storyboard; sourceTree = "<group>"; };
		1005460C1FB3FD5400100A34 /* Info.plist */ = {isa = PBXFileReference; lastKnownFileType = text.plist.xml; path = Info.plist; sourceTree = "<group>"; };
		1005460D1FB3FD5400100A34 /* main.m */ = {isa = PBXFileReference; lastKnownFileType = sourcecode.c.objc; path = main.m; sourceTree = "<group>"; };
		100AE0A41FBBDB3A00B2EB21 /* NewTabVC.h */ = {isa = PBXFileReference; lastKnownFileType = sourcecode.c.h; path = NewTabVC.h; sourceTree = "<group>"; };
		100AE0A51FBBDB3A00B2EB21 /* NewTabVC.m */ = {isa = PBXFileReference; lastKnownFileType = sourcecode.c.objc; path = NewTabVC.m; sourceTree = "<group>"; };
		100AE0A71FBBE14E00B2EB21 /* WKViewController.h */ = {isa = PBXFileReference; lastKnownFileType = sourcecode.c.h; path = WKViewController.h; sourceTree = "<group>"; };
		100AE0A81FBBE14E00B2EB21 /* WKViewController.m */ = {isa = PBXFileReference; lastKnownFileType = sourcecode.c.objc; path = WKViewController.m; sourceTree = "<group>"; };
		100AE0AA1FBBE9F800B2EB21 /* JSCoreViewController.h */ = {isa = PBXFileReference; lastKnownFileType = sourcecode.c.h; path = JSCoreViewController.h; sourceTree = "<group>"; };
		100AE0AB1FBBE9F800B2EB21 /* JSCoreViewController.m */ = {isa = PBXFileReference; lastKnownFileType = sourcecode.c.objc; path = JSCoreViewController.m; sourceTree = "<group>"; };
		100AE0AE1FBBEA2600B2EB21 /* JavaScriptCore.framework */ = {isa = PBXFileReference; lastKnownFileType = wrapper.framework; name = JavaScriptCore.framework; path = System/Library/Frameworks/JavaScriptCore.framework; sourceTree = SDKROOT; };
/* End PBXFileReference section */

/* Begin PBXFrameworksBuildPhase section */
		100545F81FB3FD5400100A34 /* Frameworks */ = {
			isa = PBXFrameworksBuildPhase;
			buildActionMask = 2147483647;
			files = (
				100AE0AF1FBBEA3400B2EB21 /* JavaScriptCore.framework in Frameworks */,
			);
			runOnlyForDeploymentPostprocessing = 0;
		};
/* End PBXFrameworksBuildPhase section */

/* Begin PBXGroup section */
		100545F21FB3FD5400100A34 = {
			isa = PBXGroup;
			children = (
				100545FD1FB3FD5400100A34 /* test */,
				100545FC1FB3FD5400100A34 /* Products */,
				100AE0AD1FBBEA2500B2EB21 /* Frameworks */,
			);
			sourceTree = "<group>";
		};
		100545FC1FB3FD5400100A34 /* Products */ = {
			isa = PBXGroup;
			children = (
				100545FB1FB3FD5400100A34 /* test.app */,
			);
			name = Products;
			sourceTree = "<group>";
		};
		100545FD1FB3FD5400100A34 /* test */ = {
			isa = PBXGroup;
			children = (
				100545FE1FB3FD5400100A34 /* AppDelegate.h */,
				100545FF1FB3FD5400100A34 /* AppDelegate.m */,
				100546011FB3FD5400100A34 /* ViewController.h */,
				100546021FB3FD5400100A34 /* ViewController.m */,
				100AE0A71FBBE14E00B2EB21 /* WKViewController.h */,
				100AE0A81FBBE14E00B2EB21 /* WKViewController.m */,
				100AE0AA1FBBE9F800B2EB21 /* JSCoreViewController.h */,
				100AE0AB1FBBE9F800B2EB21 /* JSCoreViewController.m */,
				100AE0A41FBBDB3A00B2EB21 /* NewTabVC.h */,
				100AE0A51FBBDB3A00B2EB21 /* NewTabVC.m */,
				100546041FB3FD5400100A34 /* Main.storyboard */,
				100546071FB3FD5400100A34 /* Assets.xcassets */,
				100546091FB3FD5400100A34 /* LaunchScreen.storyboard */,
				1005460C1FB3FD5400100A34 /* Info.plist */,
				1005460D1FB3FD5400100A34 /* main.m */,
			);
			path = test;
			sourceTree = "<group>";
		};
		100AE0AD1FBBEA2500B2EB21 /* Frameworks */ = {
			isa = PBXGroup;
			children = (
				100AE0AE1FBBEA2600B2EB21 /* JavaScriptCore.framework */,
			);
			name = Frameworks;
			sourceTree = "<group>";
		};
/* End PBXGroup section */

/* Begin PBXNativeTarget section */
		100545FA1FB3FD5400100A34 /* test */ = {
			isa = PBXNativeTarget;
			buildConfigurationList = 100546111FB3FD5400100A34 /* Build configuration list for PBXNativeTarget "test" */;
			buildPhases = (
				100545F71FB3FD5400100A34 /* Sources */,
				100545F81FB3FD5400100A34 /* Frameworks */,
				100545F91FB3FD5400100A34 /* Resources */,
			);
			buildRules = (
			);
			dependencies = (
			);
			name = test;
			productName = test;
			productReference = 100545FB1FB3FD5400100A34 /* test.app */;
			productType = "com.apple.product-type.application";
		};
/* End PBXNativeTarget section */

/* Begin PBXProject section */
		100545F31FB3FD5400100A34 /* Project object */ = {
			isa = PBXProject;
			attributes = {
				LastUpgradeCheck = 0910;
				ORGANIZATIONNAME = shengli;
				TargetAttributes = {
					100545FA1FB3FD5400100A34 = {
						CreatedOnToolsVersion = 9.1;
						ProvisioningStyle = Automatic;
					};
				};
			};
			buildConfigurationList = 100545F61FB3FD5400100A34 /* Build configuration list for PBXProject "test" */;
			compatibilityVersion = "Xcode 8.0";
			developmentRegion = en;
			hasScannedForEncodings = 0;
			knownRegions = (
				en,
				Base,
			);
			mainGroup = 100545F21FB3FD5400100A34;
			productRefGroup = 100545FC1FB3FD5400100A34 /* Products */;
			projectDirPath = "";
			projectRoot = "";
			targets = (
				100545FA1FB3FD5400100A34 /* test */,
			);
		};
/* End PBXProject section */

/* Begin PBXResourcesBuildPhase section */
		100545F91FB3FD5400100A34 /* Resources */ = {
			isa = PBXResourcesBuildPhase;
			buildActionMask = 2147483647;
			files = (
				1005460B1FB3FD5400100A34 /* LaunchScreen.storyboard in Resources */,
				100546081FB3FD5400100A34 /* Assets.xcassets in Resources */,
				100546061FB3FD5400100A34 /* Main.storyboard in Resources */,
			);
			runOnlyForDeploymentPostprocessing = 0;
		};
/* End PBXResourcesBuildPhase section */

/* Begin PBXSourcesBuildPhase section */
		100545F71FB3FD5400100A34 /* Sources */ = {
			isa = PBXSourcesBuildPhase;
			buildActionMask = 2147483647;
			files = (
				100AE0A91FBBE14E00B2EB21 /* WKViewController.m in Sources */,
				100546031FB3FD5400100A34 /* ViewController.m in Sources */,
				1005460E1FB3FD5400100A34 /* main.m in Sources */,
				100546001FB3FD5400100A34 /* AppDelegate.m in Sources */,
				100AE0AC1FBBE9F800B2EB21 /* JSCoreViewController.m in Sources */,
				100AE0A61FBBDB3A00B2EB21 /* NewTabVC.m in Sources */,
			);
			runOnlyForDeploymentPostprocessing = 0;
		};
/* End PBXSourcesBuildPhase section */

/* Begin PBXVariantGroup section */
		100546041FB3FD5400100A34 /* Main.storyboard */ = {
			isa = PBXVariantGroup;
			children = (
				100546051FB3FD5400100A34 /* Base */,
			);
			name = Main.storyboard;
			sourceTree = "<group>";
		};
		100546091FB3FD5400100A34 /* LaunchScreen.storyboard */ = {
			isa = PBXVariantGroup;
			children = (
				1005460A1FB3FD5400100A34 /* Base */,
			);
			name = LaunchScreen.storyboard;
			sourceTree = "<group>";
		};
/* End PBXVariantGroup section */

/* Begin XCBuildConfiguration section */
		1005460F1FB3FD5400100A34 /* Debug */ = {
			isa = XCBuildConfiguration;
			buildSettings = {
				ALWAYS_SEARCH_USER_PATHS = NO;
				CLANG_ANALYZER_NONNULL = YES;
				CLANG_ANALYZER_NUMBER_OBJECT_CONVERSION = YES_AGGRESSIVE;
				CLANG_CXX_LANGUAGE_STANDARD = "gnu++14";
				CLANG_CXX_LIBRARY = "libc++";
				CLANG_ENABLE_MODULES = YES;
				CLANG_ENABLE_OBJC_ARC = YES;
				CLANG_WARN_BLOCK_CAPTURE_AUTORELEASING = YES;
				CLANG_WARN_BOOL_CONVERSION = YES;
				CLANG_WARN_COMMA = YES;
				CLANG_WARN_CONSTANT_CONVERSION = YES;
				CLANG_WARN_DIRECT_OBJC_ISA_USAGE = YES_ERROR;
				CLANG_WARN_DOCUMENTATION_COMMENTS = YES;
				CLANG_WARN_EMPTY_BODY = YES;
				CLANG_WARN_ENUM_CONVERSION = YES;
				CLANG_WARN_INFINITE_RECURSION = YES;
				CLANG_WARN_INT_CONVERSION = YES;
				CLANG_WARN_NON_LITERAL_NULL_CONVERSION = YES;
				CLANG_WARN_OBJC_LITERAL_CONVERSION = YES;
				CLANG_WARN_OBJC_ROOT_CLASS = YES_ERROR;
				CLANG_WARN_RANGE_LOOP_ANALYSIS = YES;
				CLANG_WARN_STRICT_PROTOTYPES = YES;
				CLANG_WARN_SUSPICIOUS_MOVE = YES;
				CLANG_WARN_UNGUARDED_AVAILABILITY = YES_AGGRESSIVE;
				CLANG_WARN_UNREACHABLE_CODE = YES;
				CLANG_WARN__DUPLICATE_METHOD_MATCH = YES;
				CODE_SIGN_IDENTITY = "iPhone Developer";
				COPY_PHASE_STRIP = NO;
				DEBUG_INFORMATION_FORMAT = dwarf;
				ENABLE_STRICT_OBJC_MSGSEND = YES;
				ENABLE_TESTABILITY = YES;
				GCC_C_LANGUAGE_STANDARD = gnu11;
				GCC_DYNAMIC_NO_PIC = NO;
				GCC_NO_COMMON_BLOCKS = YES;
				GCC_OPTIMIZATION_LEVEL = 0;
				GCC_PREPROCESSOR_DEFINITIONS = (
					"DEBUG=1",
					"$(inherited)",
				);
				GCC_WARN_64_TO_32_BIT_CONVERSION = YES;
				GCC_WARN_ABOUT_RETURN_TYPE = YES_ERROR;
				GCC_WARN_UNDECLARED_SELECTOR = YES;
				GCC_WARN_UNINITIALIZED_AUTOS = YES_AGGRESSIVE;
				GCC_WARN_UNUSED_FUNCTION = YES;
				GCC_WARN_UNUSED_VARIABLE = YES;
				IPHONEOS_DEPLOYMENT_TARGET = 11.1;
				MTL_ENABLE_DEBUG_INFO = YES;
				ONLY_ACTIVE_ARCH = YES;
				SDKROOT = iphoneos;
			};
			name = Debug;
		};
		100546101FB3FD5400100A34 /* Release */ = {
			isa = XCBuildConfiguration;
			buildSettings = {
				ALWAYS_SEARCH_USER_PATHS = NO;
				CLANG_ANALYZER_NONNULL = YES;
				CLANG_ANALYZER_NUMBER_OBJECT_CONVERSION = YES_AGGRESSIVE;
				CLANG_CXX_LANGUAGE_STANDARD = "gnu++14";
				CLANG_CXX_LIBRARY = "libc++";
				CLANG_ENABLE_MODULES = YES;
				CLANG_ENABLE_OBJC_ARC = YES;
				CLANG_WARN_BLOCK_CAPTURE_AUTORELEASING = YES;
				CLANG_WARN_BOOL_CONVERSION = YES;
				CLANG_WARN_COMMA = YES;
				CLANG_WARN_CONSTANT_CONVERSION = YES;
				CLANG_WARN_DIRECT_OBJC_ISA_USAGE = YES_ERROR;
				CLANG_WARN_DOCUMENTATION_COMMENTS = YES;
				CLANG_WARN_EMPTY_BODY = YES;
				CLANG_WARN_ENUM_CONVERSION = YES;
				CLANG_WARN_INFINITE_RECURSION = YES;
				CLANG_WARN_INT_CONVERSION = YES;
				CLANG_WARN_NON_LITERAL_NULL_CONVERSION = YES;
				CLANG_WARN_OBJC_LITERAL_CONVERSION = YES;
				CLANG_WARN_OBJC_ROOT_CLASS = YES_ERROR;
				CLANG_WARN_RANGE_LOOP_ANALYSIS = YES;
				CLANG_WARN_STRICT_PROTOTYPES = YES;
				CLANG_WARN_SUSPICIOUS_MOVE = YES;
				CLANG_WARN_UNGUARDED_AVAILABILITY = YES_AGGRESSIVE;
				CLANG_WARN_UNREACHABLE_CODE = YES;
				CLANG_WARN__DUPLICATE_METHOD_MATCH = YES;
				CODE_SIGN_IDENTITY = "iPhone Developer";
				COPY_PHASE_STRIP = NO;
				DEBUG_INFORMATION_FORMAT = "dwarf-with-dsym";
				ENABLE_NS_ASSERTIONS = NO;
				ENABLE_STRICT_OBJC_MSGSEND = YES;
				GCC_C_LANGUAGE_STANDARD = gnu11;
				GCC_NO_COMMON_BLOCKS = YES;
				GCC_WARN_64_TO_32_BIT_CONVERSION = YES;
				GCC_WARN_ABOUT_RETURN_TYPE = YES_ERROR;
				GCC_WARN_UNDECLARED_SELECTOR = YES;
				GCC_WARN_UNINITIALIZED_AUTOS = YES_AGGRESSIVE;
				GCC_WARN_UNUSED_FUNCTION = YES;
				GCC_WARN_UNUSED_VARIABLE = YES;
				IPHONEOS_DEPLOYMENT_TARGET = 11.1;
				MTL_ENABLE_DEBUG_INFO = NO;
				SDKROOT = iphoneos;
				VALIDATE_PRODUCT = YES;
			};
			name = Release;
		};
		100546121FB3FD5400100A34 /* Debug */ = {
			isa = XCBuildConfiguration;
			buildSettings = {
				ASSETCATALOG_COMPILER_APPICON_NAME = AppIcon;
				CODE_SIGN_STYLE = Automatic;
				DEVELOPMENT_TEAM = BYDF6E3GZJ;
				INFOPLIST_FILE = test/Info.plist;
				LD_RUNPATH_SEARCH_PATHS = "$(inherited) @executable_path/Frameworks";
				PRODUCT_BUNDLE_IDENTIFIER = shengli.test;
				PRODUCT_NAME = "$(TARGET_NAME)";
				TARGETED_DEVICE_FAMILY = "1,2";
			};
			name = Debug;
		};
		100546131FB3FD5400100A34 /* Release */ = {
			isa = XCBuildConfiguration;
			buildSettings = {
				ASSETCATALOG_COMPILER_APPICON_NAME = AppIcon;
				CODE_SIGN_STYLE = Automatic;
				DEVELOPMENT_TEAM = BYDF6E3GZJ;
				INFOPLIST_FILE = test/Info.plist;
				LD_RUNPATH_SEARCH_PATHS = "$(inherited) @executable_path/Frameworks";
				PRODUCT_BUNDLE_IDENTIFIER = shengli.test;
				PRODUCT_NAME = "$(TARGET_NAME)";
				TARGETED_DEVICE_FAMILY = "1,2";
			};
			name = Release;
		};
/* End XCBuildConfiguration section */

/* Begin XCConfigurationList section */
		100545F61FB3FD5400100A34 /* Build configuration list for PBXProject "test" */ = {
			isa = XCConfigurationList;
			buildConfigurations = (
				1005460F1FB3FD5400100A34 /* Debug */,
				100546101FB3FD5400100A34 /* Release */,
			);
			defaultConfigurationIsVisible = 0;
			defaultConfigurationName = Release;
		};
		100546111FB3FD5400100A34 /* Build configuration list for PBXNativeTarget "test" */ = {
			isa = XCConfigurationList;
			buildConfigurations = (
				100546121FB3FD5400100A34 /* Debug */,
				100546131FB3FD5400100A34 /* Release */,
			);
			defaultConfigurationIsVisible = 0;
			defaultConfigurationName = Release;
		};
/* End XCConfigurationList section */
	};
	rootObject = 100545F31FB3FD5400100A34 /* Project object */;
}
